
Microsoft Visual Studio Solution File, Format Version 12.00
# Visual Studio Version 17
VisualStudioVersion = 17.14.36705.20 d17.14
MinimumVisualStudioVersion = 10.0.40219.1
Project("{FAE04EC0-301F-11D3-BF4B-00C04F79EFBC}") = "Session 2 OOP", "Session 2 OOP.csproj", "{DFC55FD9-19F3-472A-B089-0C461C7BCD82}"
EndProject
Global
	GlobalSection(SolutionConfigurationPlatforms) = preSolution
		Debug|Any CPU = Debug|Any CPU
		Release|Any CPU = Release|Any CPU
	EndGlobalSection
	GlobalSection(ProjectConfigurationPlatforms) = postSolution
		{DFC55FD9-19F3-472A-B089-0C461C7BCD82}.Debug|Any CPU.ActiveCfg = Debug|Any CPU
		{DFC55FD9-19F3-472A-B089-0C461C7BCD82}.Debug|Any CPU.Build.0 = Debug|Any CPU
		{DFC55FD9-19F3-472A-B089-0C461C7BCD82}.Release|Any CPU.ActiveCfg = Release|Any CPU
		{DFC55FD9-19F3-472A-B089-0C461C7BCD82}.Release|Any CPU.Build.0 = Release|Any CPU
	EndGlobalSection
	GlobalSection(SolutionProperties) = preSolution
		HideSolutionNode = FALSE
	EndGlobalSection
	GlobalSection(ExtensibilityGlobals) = postSolution
		SolutionGuid = {D191B101-50FE-4058-B2B2-EA807FE446C1}
	EndGlobalSection
EndGlobal
